
Microsoft Visual Studio Solution File, Format Version 12.00
# Visual Studio Version 17
VisualStudioVersion = 17.10.35013.160
MinimumVisualStudioVersion = 10.0.40219.1
Project("{FAE04EC0-301F-11D3-BF4B-00C04F79EFBC}") = "MvcMovie", "MvcMovie\MvcMovie.csproj", "{5D027D53-9D82-4335-BE17-0951F407C9C0}"
EndProject
Global
	GlobalSection(SolutionConfigurationPlatforms) = preSolution
		Debug|Any CPU = Debug|Any CPU
		Release|Any CPU = Release|Any CPU
	EndGlobalSection
	GlobalSection(ProjectConfigurationPlatforms) = postSolution
		{5D027D53-9D82-4335-BE17-0951F407C9C0}.Debug|Any CPU.ActiveCfg = Debug|Any CPU
		{5D027D53-9D82-4335-BE17-0951F407C9C0}.Debug|Any CPU.Build.0 = Debug|Any CPU
		{5D027D53-9D82-4335-BE17-0951F407C9C0}.Release|Any CPU.ActiveCfg = Release|Any CPU
		{5D027D53-9D82-4335-BE17-0951F407C9C0}.Release|Any CPU.Build.0 = Release|Any CPU
	EndGlobalSection
	GlobalSection(SolutionProperties) = preSolution
		HideSolutionNode = FALSE
	EndGlobalSection
	GlobalSection(ExtensibilityGlobals) = postSolution
		SolutionGuid = {C47C4F8D-8A99-48B3-966E-AF5FC9DD6A3B}
	EndGlobalSection
EndGlobal
